
Microsoft Visual Studio Solution File, Format Version 12.00
Project("{FAE04EC0-301F-11D3-BF4B-00C04F79EFBC}") = "HomeWork03", "HomeWork03\HomeWork03.csproj", "{3F131DCE-368E-4A95-B494-33B05E5D593C}"
EndProject
Global
	GlobalSection(SolutionConfigurationPlatforms) = preSolution
		Debug|Any CPU = Debug|Any CPU
		Release|Any CPU = Release|Any CPU
	EndGlobalSection
	GlobalSection(ProjectConfigurationPlatforms) = postSolution
		{3F131DCE-368E-4A95-B494-33B05E5D593C}.Debug|Any CPU.ActiveCfg = Debug|Any CPU
		{3F131DCE-368E-4A95-B494-33B05E5D593C}.Debug|Any CPU.Build.0 = Debug|Any CPU
		{3F131DCE-368E-4A95-B494-33B05E5D593C}.Release|Any CPU.ActiveCfg = Release|Any CPU
		{3F131DCE-368E-4A95-B494-33B05E5D593C}.Release|Any CPU.Build.0 = Release|Any CPU
	EndGlobalSection
EndGlobal
